
Microsoft Visual Studio Solution File, Format Version 12.00
# Visual Studio Version 16
VisualStudioVersion = 16.0.31019.35
MinimumVisualStudioVersion = 10.0.40219.1
Project("{FAE04EC0-301F-11D3-BF4B-00C04F79EFBC}") = "TugasTiga2", "TugasTiga2.csproj", "{618F0439-CCA1-4348-8F53-44F32533AD7A}"
EndProject
Global
	GlobalSection(SolutionConfigurationPlatforms) = preSolution
		Debug|Any CPU = Debug|Any CPU
		Release|Any CPU = Release|Any CPU
	EndGlobalSection
	GlobalSection(ProjectConfigurationPlatforms) = postSolution
		{618F0439-CCA1-4348-8F53-44F32533AD7A}.Debug|Any CPU.ActiveCfg = Debug|Any CPU
		{618F0439-CCA1-4348-8F53-44F32533AD7A}.Debug|Any CPU.Build.0 = Debug|Any CPU
		{618F0439-CCA1-4348-8F53-44F32533AD7A}.Release|Any CPU.ActiveCfg = Release|Any CPU
		{618F0439-CCA1-4348-8F53-44F32533AD7A}.Release|Any CPU.Build.0 = Release|Any CPU
	EndGlobalSection
	GlobalSection(SolutionProperties) = preSolution
		HideSolutionNode = FALSE
	EndGlobalSection
	GlobalSection(ExtensibilityGlobals) = postSolution
		SolutionGuid = {5D4F67F5-A600-4400-A34D-E7617C8D0246}
	EndGlobalSection
EndGlobal
